name: Resolve feature lockfile

on:
  pull_request:
    branches:
      - main

permissions:
  contents: write

jobs:
  resolve:
    runs-on: ubuntu-latest
    steps:
      - uses: actions/checkout@v7
        with:
          ref: ${{ github.event.pull_request.head.ref }}
      - name: Install Rust
        run: |
          rustup toolchain install stable --profile minimal
          rustup default stable
      - name: Resolve and check browser adapter
        run: cargo check -p scenedetect-wasm
      - name: Commit Cargo-resolved lockfile only
        run: |
          if git diff --quiet -- Cargo.lock; then
            exit 0
          fi
          git config user.name 'github-actions[bot]'
          git config user.email '41898282+github-actions[bot]@users.noreply.github.com'
          git add Cargo.lock
          git commit -m 'Lock shared visual dependencies'
          git push origin "HEAD:${{ github.event.pull_request.head.ref }}"
